
Microsoft Visual Studio Solution File, Format Version 12.00
# Visual Studio 15
VisualStudioVersion = 15.0.28010.2046
MinimumVisualStudioVersion = 10.0.40219.1
Project("{FAE04EC0-301F-11D3-BF4B-00C04F79EFBC}") = "Vhc.CoreScheduler", "Vhc.CoreScheduler\Vhc.CoreScheduler.csproj", "{1C5C1992-E720-4573-8B43-9DE2F8F1E159}"
EndProject
Project("{FAE04EC0-301F-11D3-BF4B-00C04F79EFBC}") = "Vhc.CoreScheduler.Common", "Vhc.CoreScheduler.Common\Vhc.CoreScheduler.Common.csproj", "{6954A2AC-E52D-4E31-8DD8-4D84BFBC9BE6}"
EndProject
Global
	GlobalSection(SolutionConfigurationPlatforms) = preSolution
		Debug|Any CPU = Debug|Any CPU
		Release|Any CPU = Release|Any CPU
	EndGlobalSection
	GlobalSection(ProjectConfigurationPlatforms) = postSolution
		{1C5C1992-E720-4573-8B43-9DE2F8F1E159}.Debug|Any CPU.ActiveCfg = Debug|Any CPU
		{1C5C1992-E720-4573-8B43-9DE2F8F1E159}.Debug|Any CPU.Build.0 = Debug|Any CPU
		{1C5C1992-E720-4573-8B43-9DE2F8F1E159}.Release|Any CPU.ActiveCfg = Release|Any CPU
		{1C5C1992-E720-4573-8B43-9DE2F8F1E159}.Release|Any CPU.Build.0 = Release|Any CPU
		{6954A2AC-E52D-4E31-8DD8-4D84BFBC9BE6}.Debug|Any CPU.ActiveCfg = Debug|Any CPU
		{6954A2AC-E52D-4E31-8DD8-4D84BFBC9BE6}.Debug|Any CPU.Build.0 = Debug|Any CPU
		{6954A2AC-E52D-4E31-8DD8-4D84BFBC9BE6}.Release|Any CPU.ActiveCfg = Release|Any CPU
		{6954A2AC-E52D-4E31-8DD8-4D84BFBC9BE6}.Release|Any CPU.Build.0 = Release|Any CPU
	EndGlobalSection
	GlobalSection(SolutionProperties) = preSolution
		HideSolutionNode = FALSE
	EndGlobalSection
	GlobalSection(ExtensibilityGlobals) = postSolution
		SolutionGuid = {952E84AD-9324-4F14-8FFC-E189C19FFBE6}
	EndGlobalSection
EndGlobal
